{
  "name": "books-toscrape",
  "version": "1.0.0",
  "lockfileVersion": 3,
  "requires": true,
  "packages": {
    "": {
      "name": "books-toscrape",
      "version": "1.0.0",
      "license": "ISC",
      "dependencies": {
        "playwright": "^1.32.0"
      },
      "devDependencies": {
        "@types/node": "^18.15.5"
      }
    },
    "node_modules/@types/node": {
      "version": "18.15.5",
      "resolved": "https://registry.npmjs.org/@types/node/-/node-18.15.5.tgz",
      "integrity": "sha512-Ark2WDjjZO7GmvsyFFf81MXuGTA/d6oP38anyxWOL6EREyBKAxKoFHwBhaZxCfLRLpO8JgVXwqOwSwa7jRcjew==",
      "dev": true
    },
    "node_modules/playwright": {
      "version": "1.32.0",
      "resolved": "https://registry.npmjs.org/playwright/-/playwright-1.32.0.tgz",
      "integrity": "sha512-zQVzxTGoC/ak2Zu0l3CeBGQ6z5oOka5ecUOk+5QbmAerih6CaVsjY9BjjhiN+UOImd3xLiNeCcmLEWcXlz1Dlg==",
      "hasInstallScript": true,
      "dependencies": {
        "playwright-core": "1.32.0"
      },
      "bin": {
        "playwright": "cli.js"
      },
      "engines": {
        "node": ">=14"
      }
    },
    "node_modules/playwright-core": {
      "version": "1.32.0",
      "resolved": "https://registry.npmjs.org/playwright-core/-/playwright-core-1.32.0.tgz",
      "integrity": "sha512-Z9Ij17X5Z3bjpp6XKujGBp9Gv4eViESac9aDmwgQFUEJBW0K80T21m/Z+XJQlu4cNsvPygw33b6V1Va6Bda5zQ==",
      "bin": {
        "playwright": "cli.js"
      },
      "engines": {
        "node": ">=14"
      }
    }
  }
}
